{
  "name": "two",
  "version": "1.0.0",
  "lockfileVersion": 1,
  "requires": true,
  "dependencies": {
    "bson": {
      "version": "1.0.4",
      "resolved": "https://npm.paypal.com/repository/npm-all/bson/-/bson-1.0.4.tgz",
      "integrity": "sha1-k8ENOeqltYQVy8QFLz5T5WKwtyw="
    },
    "buffer-shims": {
      "version": "1.0.0",
      "resolved": "https://npm.paypal.com/repository/npm-all/buffer-shims/-/buffer-shims-1.0.0.tgz",
      "integrity": "sha1-mXjOMXOIxkmth5MCjDR37wRKi1E="
    },
    "core-util-is": {
      "version": "1.0.2",
      "resolved": "https://npm.paypal.com/repository/npm-all/core-util-is/-/core-util-is-1.0.2.tgz",
      "integrity": "sha1-tf1UIgqivFq1eqtxQMlAdUUDwac="
    },
    "es6-promise": {
      "version": "3.2.1",
      "resolved": "https://npm.paypal.com/repository/npm-all/es6-promise/-/es6-promise-3.2.1.tgz",
      "integrity": "sha1-7FYjOGgDKQkgcXDDlEjiREndH8Q="
    },
    "inherits": {
      "version": "2.0.3",
      "resolved": "https://npm.paypal.com/repository/npm-all/inherits/-/inherits-2.0.3.tgz",
      "integrity": "sha1-Yzwsg+PaQqUC9SRmAiSA9CCCYd4="
    },
    "isarray": {
      "version": "1.0.0",
      "resolved": "https://npm.paypal.com/repository/npm-all/isarray/-/isarray-1.0.0.tgz",
      "integrity": "sha1-u5NdSFgsuhaMBoNJV6VKPgcSTxE="
    },
    "mongodb": {
      "version": "2.2.16",
      "resolved": "https://npm.paypal.com/repository/npm-all/mongodb/-/mongodb-2.2.16.tgz",
      "integrity": "sha1-4yupHPninzcfs4ugxKccOx9frnc=",
      "requires": {
        "es6-promise": "3.2.1",
        "mongodb-core": "2.1.2",
        "readable-stream": "2.1.5"
      }
    },
    "mongodb-core": {
      "version": "2.1.2",
      "resolved": "https://npm.paypal.com/repository/npm-all/mongodb-core/-/mongodb-core-2.1.2.tgz",
      "integrity": "sha1-oR23c9NIGcvrl3USQYJxN6tTWqs=",
      "requires": {
        "bson": "1.0.4",
        "require_optional": "1.0.1"
      }
    },
    "process-nextick-args": {
      "version": "1.0.7",
      "resolved": "https://npm.paypal.com/repository/npm-all/process-nextick-args/-/process-nextick-args-1.0.7.tgz",
      "integrity": "sha1-FQ4gt1ZZCtP5EJPyWk8q2L/zC6M="
    },
    "readable-stream": {
      "version": "2.1.5",
      "resolved": "https://npm.paypal.com/repository/npm-all/readable-stream/-/readable-stream-2.1.5.tgz",
      "integrity": "sha1-ZvqLcg4UOLNkaB8q0aY8YYRIydA=",
      "requires": {
        "buffer-shims": "1.0.0",
        "core-util-is": "1.0.2",
        "inherits": "2.0.3",
        "isarray": "1.0.0",
        "process-nextick-args": "1.0.7",
        "string_decoder": "0.10.31",
        "util-deprecate": "1.0.2"
      }
    },
    "require_optional": {
      "version": "1.0.1",
      "resolved": "https://npm.paypal.com/repository/npm-all/require_optional/-/require_optional-1.0.1.tgz",
      "integrity": "sha512-qhM/y57enGWHAe3v/NcwML6a3/vfESLe/sGM2dII+gEO0BpKRUkWZow/tyloNqJyN6kXSl3RyyM8Ll5D/sJP8g==",
      "requires": {
        "resolve-from": "2.0.0",
        "semver": "5.4.1"
      }
    },
    "resolve-from": {
      "version": "2.0.0",
      "resolved": "https://npm.paypal.com/repository/npm-all/resolve-from/-/resolve-from-2.0.0.tgz",
      "integrity": "sha1-lICrIOlP+h2egKgEx+oUdhGWa1c="
    },
    "semver": {
      "version": "5.4.1",
      "resolved": "https://npm.paypal.com/repository/npm-all/semver/-/semver-5.4.1.tgz",
      "integrity": "sha512-WfG/X9+oATh81XtllIo/I8gOiY9EXRdv1cQdyykeXK17YcUW3EXUAi2To4pcH6nZtJPr7ZOpM5OMyWJZm+8Rsg=="
    },
    "string_decoder": {
      "version": "0.10.31",
      "resolved": "https://npm.paypal.com/repository/npm-all/string_decoder/-/string_decoder-0.10.31.tgz",
      "integrity": "sha1-YuIDvEF2bGwoyfyEMB2rHFMQ+pQ="
    },
    "util-deprecate": {
      "version": "1.0.2",
      "resolved": "https://npm.paypal.com/repository/npm-all/util-deprecate/-/util-deprecate-1.0.2.tgz",
      "integrity": "sha1-RQ1Nyfpw3nMnYvvS1KKJgUGaDM8="
    }
  }
}
